
Microsoft Visual Studio Solution File, Format Version 12.00
# Visual Studio Version 17
VisualStudioVersion = 17.3.32929.385
MinimumVisualStudioVersion = 10.0.40219.1
Project("{FAE04EC0-301F-11D3-BF4B-00C04F79EFBC}") = "SORTX", "SORTX.csproj", "{13DC52B7-9E17-4366-AA3D-6C73373A2447}"
EndProject
Global
	GlobalSection(SolutionConfigurationPlatforms) = preSolution
		Debug|Any CPU = Debug|Any CPU
		Release|Any CPU = Release|Any CPU
	EndGlobalSection
	GlobalSection(ProjectConfigurationPlatforms) = postSolution
		{13DC52B7-9E17-4366-AA3D-6C73373A2447}.Debug|Any CPU.ActiveCfg = Debug|Any CPU
		{13DC52B7-9E17-4366-AA3D-6C73373A2447}.Debug|Any CPU.Build.0 = Debug|Any CPU
		{13DC52B7-9E17-4366-AA3D-6C73373A2447}.Release|Any CPU.ActiveCfg = Release|Any CPU
		{13DC52B7-9E17-4366-AA3D-6C73373A2447}.Release|Any CPU.Build.0 = Release|Any CPU
	EndGlobalSection
	GlobalSection(SolutionProperties) = preSolution
		HideSolutionNode = FALSE
	EndGlobalSection
	GlobalSection(ExtensibilityGlobals) = postSolution
		SolutionGuid = {BCD096B6-B1AD-485B-8A00-6A88A8475912}
	EndGlobalSection
EndGlobal
